{
  "name": "gh-agent-viz",
  "lockfileVersion": 3,
  "requires": true,
  "packages": {
    "": {
      "dependencies": {
        "@azure/mcp-darwin-arm64": "^2.0.0-beta.19"
      }
    },
    "node_modules/@azure/mcp-darwin-arm64": {
      "version": "2.0.0-beta.19",
      "resolved": "https://registry.npmjs.org/@azure/mcp-darwin-arm64/-/mcp-darwin-arm64-2.0.0-beta.19.tgz",
      "integrity": "sha512-1iEESY2P3pyl3PhtMna0KxAUhAiYZmyiIRwFP1bShRqmCSkxwblV0wD66V5FtWUMnuizqsVUkYi4lRmxaBz05g==",
      "cpu": [
        "arm64"
      ],
      "license": "MIT",
      "os": [
        "darwin"
      ],
      "bin": {
        "azmcp-darwin-arm64": "dist/azmcp"
      },
      "engines": {
        "node": ">=20.0.0"
      }
    }
  }
}
